
Microsoft Visual Studio Solution File, Format Version 12.00
# Visual Studio Version 17
VisualStudioVersion = 17.3.32901.215
MinimumVisualStudioVersion = 10.0.40219.1
Project("{FAE04EC0-301F-11D3-BF4B-00C04F79EFBC}") = "nagyfal", "nagyfal.csproj", "{70201444-3344-435F-814E-53B671D02BF5}"
EndProject
Global
	GlobalSection(SolutionConfigurationPlatforms) = preSolution
		Debug|Any CPU = Debug|Any CPU
		Release|Any CPU = Release|Any CPU
	EndGlobalSection
	GlobalSection(ProjectConfigurationPlatforms) = postSolution
		{70201444-3344-435F-814E-53B671D02BF5}.Debug|Any CPU.ActiveCfg = Debug|Any CPU
		{70201444-3344-435F-814E-53B671D02BF5}.Debug|Any CPU.Build.0 = Debug|Any CPU
		{70201444-3344-435F-814E-53B671D02BF5}.Release|Any CPU.ActiveCfg = Release|Any CPU
		{70201444-3344-435F-814E-53B671D02BF5}.Release|Any CPU.Build.0 = Release|Any CPU
	EndGlobalSection
	GlobalSection(SolutionProperties) = preSolution
		HideSolutionNode = FALSE
	EndGlobalSection
	GlobalSection(ExtensibilityGlobals) = postSolution
		SolutionGuid = {216BA5CB-F0EF-4CB4-BA8B-5CA82CD874F5}
	EndGlobalSection
EndGlobal
