
Microsoft Visual Studio Solution File, Format Version 12.00
# Visual Studio Version 17
VisualStudioVersion = 17.3.32825.248
MinimumVisualStudioVersion = 10.0.40219.1
Project("{FAE04EC0-301F-11D3-BF4B-00C04F79EFBC}") = "ConsoleApp1", "ConsoleApp1.csproj", "{75B4AB4E-547E-404C-8160-37C447ED56B6}"
EndProject
Global
	GlobalSection(SolutionConfigurationPlatforms) = preSolution
		Debug|Any CPU = Debug|Any CPU
		Release|Any CPU = Release|Any CPU
	EndGlobalSection
	GlobalSection(ProjectConfigurationPlatforms) = postSolution
		{75B4AB4E-547E-404C-8160-37C447ED56B6}.Debug|Any CPU.ActiveCfg = Debug|Any CPU
		{75B4AB4E-547E-404C-8160-37C447ED56B6}.Debug|Any CPU.Build.0 = Debug|Any CPU
		{75B4AB4E-547E-404C-8160-37C447ED56B6}.Release|Any CPU.ActiveCfg = Release|Any CPU
		{75B4AB4E-547E-404C-8160-37C447ED56B6}.Release|Any CPU.Build.0 = Release|Any CPU
	EndGlobalSection
	GlobalSection(SolutionProperties) = preSolution
		HideSolutionNode = FALSE
	EndGlobalSection
	GlobalSection(ExtensibilityGlobals) = postSolution
		SolutionGuid = {2E640C51-732A-4CCD-A415-A2DC0D1A27F1}
	EndGlobalSection
EndGlobal
