
Microsoft Visual Studio Solution File, Format Version 12.00
# Visual Studio Version 17
VisualStudioVersion = 17.3.32901.215
MinimumVisualStudioVersion = 10.0.40219.1
Project("{FAE04EC0-301F-11D3-BF4B-00C04F79EFBC}") = "Vilagcsucs", "Vilagcsucs.csproj", "{4D24A7CE-5E90-4F17-9D40-930FF0C9619C}"
EndProject
Global
	GlobalSection(SolutionConfigurationPlatforms) = preSolution
		Debug|Any CPU = Debug|Any CPU
		Release|Any CPU = Release|Any CPU
	EndGlobalSection
	GlobalSection(ProjectConfigurationPlatforms) = postSolution
		{4D24A7CE-5E90-4F17-9D40-930FF0C9619C}.Debug|Any CPU.ActiveCfg = Debug|Any CPU
		{4D24A7CE-5E90-4F17-9D40-930FF0C9619C}.Debug|Any CPU.Build.0 = Debug|Any CPU
		{4D24A7CE-5E90-4F17-9D40-930FF0C9619C}.Release|Any CPU.ActiveCfg = Release|Any CPU
		{4D24A7CE-5E90-4F17-9D40-930FF0C9619C}.Release|Any CPU.Build.0 = Release|Any CPU
	EndGlobalSection
	GlobalSection(SolutionProperties) = preSolution
		HideSolutionNode = FALSE
	EndGlobalSection
	GlobalSection(ExtensibilityGlobals) = postSolution
		SolutionGuid = {F4619F2A-B02E-499E-BEC2-56444CFB1391}
	EndGlobalSection
EndGlobal
