
Microsoft Visual Studio Solution File, Format Version 12.00
# Visual Studio Version 17
VisualStudioVersion = 17.3.32825.248
MinimumVisualStudioVersion = 10.0.40219.1
Project("{FAE04EC0-301F-11D3-BF4B-00C04F79EFBC}") = "EsosNapok", "EsosNapok.csproj", "{829E4342-F65D-4B39-8C0B-085453B2A0AB}"
EndProject
Global
	GlobalSection(SolutionConfigurationPlatforms) = preSolution
		Debug|Any CPU = Debug|Any CPU
		Release|Any CPU = Release|Any CPU
	EndGlobalSection
	GlobalSection(ProjectConfigurationPlatforms) = postSolution
		{829E4342-F65D-4B39-8C0B-085453B2A0AB}.Debug|Any CPU.ActiveCfg = Debug|Any CPU
		{829E4342-F65D-4B39-8C0B-085453B2A0AB}.Debug|Any CPU.Build.0 = Debug|Any CPU
		{829E4342-F65D-4B39-8C0B-085453B2A0AB}.Release|Any CPU.ActiveCfg = Release|Any CPU
		{829E4342-F65D-4B39-8C0B-085453B2A0AB}.Release|Any CPU.Build.0 = Release|Any CPU
	EndGlobalSection
	GlobalSection(SolutionProperties) = preSolution
		HideSolutionNode = FALSE
	EndGlobalSection
	GlobalSection(ExtensibilityGlobals) = postSolution
		SolutionGuid = {94586479-AADD-4948-B637-B6E169FBB01A}
	EndGlobalSection
EndGlobal
