
Microsoft Visual Studio Solution File, Format Version 12.00
# Visual Studio Version 17
VisualStudioVersion = 17.3.32901.215
MinimumVisualStudioVersion = 10.0.40219.1
Project("{FAE04EC0-301F-11D3-BF4B-00C04F79EFBC}") = "beside", "beside.csproj", "{CF93E03A-09D8-43EF-9823-915AD69EB426}"
EndProject
Global
	GlobalSection(SolutionConfigurationPlatforms) = preSolution
		Debug|Any CPU = Debug|Any CPU
		Release|Any CPU = Release|Any CPU
	EndGlobalSection
	GlobalSection(ProjectConfigurationPlatforms) = postSolution
		{CF93E03A-09D8-43EF-9823-915AD69EB426}.Debug|Any CPU.ActiveCfg = Debug|Any CPU
		{CF93E03A-09D8-43EF-9823-915AD69EB426}.Debug|Any CPU.Build.0 = Debug|Any CPU
		{CF93E03A-09D8-43EF-9823-915AD69EB426}.Release|Any CPU.ActiveCfg = Release|Any CPU
		{CF93E03A-09D8-43EF-9823-915AD69EB426}.Release|Any CPU.Build.0 = Release|Any CPU
	EndGlobalSection
	GlobalSection(SolutionProperties) = preSolution
		HideSolutionNode = FALSE
	EndGlobalSection
	GlobalSection(ExtensibilityGlobals) = postSolution
		SolutionGuid = {6E19A207-A1FA-4903-8AEB-BD67845F8B38}
	EndGlobalSection
EndGlobal
