
Microsoft Visual Studio Solution File, Format Version 12.00
# Visual Studio Version 17
VisualStudioVersion = 17.3.32901.215
MinimumVisualStudioVersion = 10.0.40219.1
Project("{FAE04EC0-301F-11D3-BF4B-00C04F79EFBC}") = "flags", "flags.csproj", "{1D34E69E-5582-4652-B2D7-AFBF430F603D}"
EndProject
Global
	GlobalSection(SolutionConfigurationPlatforms) = preSolution
		Debug|Any CPU = Debug|Any CPU
		Release|Any CPU = Release|Any CPU
	EndGlobalSection
	GlobalSection(ProjectConfigurationPlatforms) = postSolution
		{1D34E69E-5582-4652-B2D7-AFBF430F603D}.Debug|Any CPU.ActiveCfg = Debug|Any CPU
		{1D34E69E-5582-4652-B2D7-AFBF430F603D}.Debug|Any CPU.Build.0 = Debug|Any CPU
		{1D34E69E-5582-4652-B2D7-AFBF430F603D}.Release|Any CPU.ActiveCfg = Release|Any CPU
		{1D34E69E-5582-4652-B2D7-AFBF430F603D}.Release|Any CPU.Build.0 = Release|Any CPU
	EndGlobalSection
	GlobalSection(SolutionProperties) = preSolution
		HideSolutionNode = FALSE
	EndGlobalSection
	GlobalSection(ExtensibilityGlobals) = postSolution
		SolutionGuid = {E7857081-0063-42A6-8C6F-928F54824FA5}
	EndGlobalSection
EndGlobal
